
Microsoft Visual Studio Solution File, Format Version 12.00
# Visual Studio 14
VisualStudioVersion = 14.0.25420.1
MinimumVisualStudioVersion = 10.0.40219.1
Project("{FAE04EC0-301F-11D3-BF4B-00C04F79EFBC}") = "dsr-betalling", "dsr-betalling\dsr-betalling.csproj", "{98F6090A-262D-4B13-A2F7-D5453EABD09B}"
EndProject
Project("{FAE04EC0-301F-11D3-BF4B-00C04F79EFBC}") = "dsr-webservice", "dsr-webservice\dsr-webservice.csproj", "{D6D476AD-08E4-4310-8057-24A62034A5F2}"
EndProject
Project("{FAE04EC0-301F-11D3-BF4B-00C04F79EFBC}") = "dsr-secure", "dsr-secure\dsr-secure.csproj", "{2D947258-8028-4D56-AA28-6BD1006EB18E}"
EndProject
Global
	GlobalSection(SolutionConfigurationPlatforms) = preSolution
		Debug|Any CPU = Debug|Any CPU
		Debug|ARM = Debug|ARM
		Debug|x64 = Debug|x64
		Debug|x86 = Debug|x86
		Release|Any CPU = Release|Any CPU
		Release|ARM = Release|ARM
		Release|x64 = Release|x64
		Release|x86 = Release|x86
	EndGlobalSection
	GlobalSection(ProjectConfigurationPlatforms) = postSolution
		{98F6090A-262D-4B13-A2F7-D5453EABD09B}.Debug|Any CPU.ActiveCfg = Debug|x86
		{98F6090A-262D-4B13-A2F7-D5453EABD09B}.Debug|ARM.ActiveCfg = Debug|ARM
		{98F6090A-262D-4B13-A2F7-D5453EABD09B}.Debug|ARM.Build.0 = Debug|ARM
		{98F6090A-262D-4B13-A2F7-D5453EABD09B}.Debug|ARM.Deploy.0 = Debug|ARM
		{98F6090A-262D-4B13-A2F7-D5453EABD09B}.Debug|x64.ActiveCfg = Debug|x64
		{98F6090A-262D-4B13-A2F7-D5453EABD09B}.Debug|x64.Build.0 = Debug|x64
		{98F6090A-262D-4B13-A2F7-D5453EABD09B}.Debug|x64.Deploy.0 = Debug|x64
		{98F6090A-262D-4B13-A2F7-D5453EABD09B}.Debug|x86.ActiveCfg = Debug|x86
		{98F6090A-262D-4B13-A2F7-D5453EABD09B}.Debug|x86.Build.0 = Debug|x86
		{98F6090A-262D-4B13-A2F7-D5453EABD09B}.Debug|x86.Deploy.0 = Debug|x86
		{98F6090A-262D-4B13-A2F7-D5453EABD09B}.Release|Any CPU.ActiveCfg = Release|x86
		{98F6090A-262D-4B13-A2F7-D5453EABD09B}.Release|ARM.ActiveCfg = Release|ARM
		{98F6090A-262D-4B13-A2F7-D5453EABD09B}.Release|ARM.Build.0 = Release|ARM
		{98F6090A-262D-4B13-A2F7-D5453EABD09B}.Release|ARM.Deploy.0 = Release|ARM
		{98F6090A-262D-4B13-A2F7-D5453EABD09B}.Release|x64.ActiveCfg = Release|x64
		{98F6090A-262D-4B13-A2F7-D5453EABD09B}.Release|x64.Build.0 = Release|x64
		{98F6090A-262D-4B13-A2F7-D5453EABD09B}.Release|x64.Deploy.0 = Release|x64
		{98F6090A-262D-4B13-A2F7-D5453EABD09B}.Release|x86.ActiveCfg = Release|x86
		{98F6090A-262D-4B13-A2F7-D5453EABD09B}.Release|x86.Build.0 = Release|x86
		{98F6090A-262D-4B13-A2F7-D5453EABD09B}.Release|x86.Deploy.0 = Release|x86
		{D6D476AD-08E4-4310-8057-24A62034A5F2}.Debug|Any CPU.ActiveCfg = Debug|Any CPU
		{D6D476AD-08E4-4310-8057-24A62034A5F2}.Debug|Any CPU.Build.0 = Debug|Any CPU
		{D6D476AD-08E4-4310-8057-24A62034A5F2}.Debug|ARM.ActiveCfg = Debug|Any CPU
		{D6D476AD-08E4-4310-8057-24A62034A5F2}.Debug|ARM.Build.0 = Debug|Any CPU
		{D6D476AD-08E4-4310-8057-24A62034A5F2}.Debug|x64.ActiveCfg = Debug|Any CPU
		{D6D476AD-08E4-4310-8057-24A62034A5F2}.Debug|x64.Build.0 = Debug|Any CPU
		{D6D476AD-08E4-4310-8057-24A62034A5F2}.Debug|x86.ActiveCfg = Debug|Any CPU
		{D6D476AD-08E4-4310-8057-24A62034A5F2}.Debug|x86.Build.0 = Debug|Any CPU
		{D6D476AD-08E4-4310-8057-24A62034A5F2}.Release|Any CPU.ActiveCfg = Release|Any CPU
		{D6D476AD-08E4-4310-8057-24A62034A5F2}.Release|Any CPU.Build.0 = Release|Any CPU
		{D6D476AD-08E4-4310-8057-24A62034A5F2}.Release|ARM.ActiveCfg = Release|Any CPU
		{D6D476AD-08E4-4310-8057-24A62034A5F2}.Release|ARM.Build.0 = Release|Any CPU
		{D6D476AD-08E4-4310-8057-24A62034A5F2}.Release|x64.ActiveCfg = Release|Any CPU
		{D6D476AD-08E4-4310-8057-24A62034A5F2}.Release|x64.Build.0 = Release|Any CPU
		{D6D476AD-08E4-4310-8057-24A62034A5F2}.Release|x86.ActiveCfg = Release|Any CPU
		{D6D476AD-08E4-4310-8057-24A62034A5F2}.Release|x86.Build.0 = Release|Any CPU
		{2D947258-8028-4D56-AA28-6BD1006EB18E}.Debug|Any CPU.ActiveCfg = Debug|Any CPU
		{2D947258-8028-4D56-AA28-6BD1006EB18E}.Debug|Any CPU.Build.0 = Debug|Any CPU
		{2D947258-8028-4D56-AA28-6BD1006EB18E}.Debug|ARM.ActiveCfg = Debug|Any CPU
		{2D947258-8028-4D56-AA28-6BD1006EB18E}.Debug|ARM.Build.0 = Debug|Any CPU
		{2D947258-8028-4D56-AA28-6BD1006EB18E}.Debug|x64.ActiveCfg = Debug|Any CPU
		{2D947258-8028-4D56-AA28-6BD1006EB18E}.Debug|x64.Build.0 = Debug|Any CPU
		{2D947258-8028-4D56-AA28-6BD1006EB18E}.Debug|x86.ActiveCfg = Debug|Any CPU
		{2D947258-8028-4D56-AA28-6BD1006EB18E}.Debug|x86.Build.0 = Debug|Any CPU
		{2D947258-8028-4D56-AA28-6BD1006EB18E}.Release|Any CPU.ActiveCfg = Release|Any CPU
		{2D947258-8028-4D56-AA28-6BD1006EB18E}.Release|Any CPU.Build.0 = Release|Any CPU
		{2D947258-8028-4D56-AA28-6BD1006EB18E}.Release|ARM.ActiveCfg = Release|Any CPU
		{2D947258-8028-4D56-AA28-6BD1006EB18E}.Release|ARM.Build.0 = Release|Any CPU
		{2D947258-8028-4D56-AA28-6BD1006EB18E}.Release|x64.ActiveCfg = Release|Any CPU
		{2D947258-8028-4D56-AA28-6BD1006EB18E}.Release|x64.Build.0 = Release|Any CPU
		{2D947258-8028-4D56-AA28-6BD1006EB18E}.Release|x86.ActiveCfg = Release|Any CPU
		{2D947258-8028-4D56-AA28-6BD1006EB18E}.Release|x86.Build.0 = Release|Any CPU
	EndGlobalSection
	GlobalSection(SolutionProperties) = preSolution
		HideSolutionNode = FALSE
	EndGlobalSection
EndGlobal
